
Microsoft Visual Studio Solution File, Format Version 12.00
# Visual Studio Version 16
VisualStudioVersion = 16.0.31613.86
MinimumVisualStudioVersion = 10.0.40219.1
Project("{FAE04EC0-301F-11D3-BF4B-00C04F79EFBC}") = "timeov.Common", "timeov.Common\timeov.Common.csproj", "{C2BD9F34-B9DF-4970-8C96-C1D1BAE309A5}"
EndProject
Project("{FAE04EC0-301F-11D3-BF4B-00C04F79EFBC}") = "timeov.Functions", "timeov.Functions\timeov.Functions.csproj", "{C77FC9D2-9816-465B-95EE-67F7D42B156C}"
EndProject
Project("{FAE04EC0-301F-11D3-BF4B-00C04F79EFBC}") = "timeov.Tests", "timeov.Tests\timeov.Tests.csproj", "{542DD0AD-23A4-4758-9213-4ACAE2767359}"
EndProject
Global
	GlobalSection(SolutionConfigurationPlatforms) = preSolution
		Debug|Any CPU = Debug|Any CPU
		Release|Any CPU = Release|Any CPU
	EndGlobalSection
	GlobalSection(ProjectConfigurationPlatforms) = postSolution
		{C2BD9F34-B9DF-4970-8C96-C1D1BAE309A5}.Debug|Any CPU.ActiveCfg = Debug|Any CPU
		{C2BD9F34-B9DF-4970-8C96-C1D1BAE309A5}.Debug|Any CPU.Build.0 = Debug|Any CPU
		{C2BD9F34-B9DF-4970-8C96-C1D1BAE309A5}.Release|Any CPU.ActiveCfg = Release|Any CPU
		{C2BD9F34-B9DF-4970-8C96-C1D1BAE309A5}.Release|Any CPU.Build.0 = Release|Any CPU
		{C77FC9D2-9816-465B-95EE-67F7D42B156C}.Debug|Any CPU.ActiveCfg = Debug|Any CPU
		{C77FC9D2-9816-465B-95EE-67F7D42B156C}.Debug|Any CPU.Build.0 = Debug|Any CPU
		{C77FC9D2-9816-465B-95EE-67F7D42B156C}.Release|Any CPU.ActiveCfg = Release|Any CPU
		{C77FC9D2-9816-465B-95EE-67F7D42B156C}.Release|Any CPU.Build.0 = Release|Any CPU
		{542DD0AD-23A4-4758-9213-4ACAE2767359}.Debug|Any CPU.ActiveCfg = Debug|Any CPU
		{542DD0AD-23A4-4758-9213-4ACAE2767359}.Debug|Any CPU.Build.0 = Debug|Any CPU
		{542DD0AD-23A4-4758-9213-4ACAE2767359}.Release|Any CPU.ActiveCfg = Release|Any CPU
		{542DD0AD-23A4-4758-9213-4ACAE2767359}.Release|Any CPU.Build.0 = Release|Any CPU
	EndGlobalSection
	GlobalSection(SolutionProperties) = preSolution
		HideSolutionNode = FALSE
	EndGlobalSection
	GlobalSection(ExtensibilityGlobals) = postSolution
		SolutionGuid = {ED3A88CF-5B7D-4119-B00A-93C9CAF09268}
	EndGlobalSection
EndGlobal
